
Microsoft Visual Studio Solution File, Format Version 12.00
# Visual Studio Version 17
VisualStudioVersion = 17.0.31717.71
MinimumVisualStudioVersion = 10.0.40219.1
Project("{9A19103F-16F7-4668-BE54-9A1E7A4F7556}") = "UPS_Monitor", "UPS_Monitor.csproj", "{F3E41C8D-B42A-4E42-8AE3-F3D6C0E248D9}"
EndProject
Global
	GlobalSection(SolutionConfigurationPlatforms) = preSolution
		Debug|Any CPU = Debug|Any CPU
		Release|Any CPU = Release|Any CPU
	EndGlobalSection
	GlobalSection(ProjectConfigurationPlatforms) = postSolution
		{F3E41C8D-B42A-4E42-8AE3-F3D6C0E248D9}.Debug|Any CPU.ActiveCfg = Debug|Any CPU
		{F3E41C8D-B42A-4E42-8AE3-F3D6C0E248D9}.Debug|Any CPU.Build.0 = Debug|Any CPU
		{F3E41C8D-B42A-4E42-8AE3-F3D6C0E248D9}.Release|Any CPU.ActiveCfg = Release|Any CPU
		{F3E41C8D-B42A-4E42-8AE3-F3D6C0E248D9}.Release|Any CPU.Build.0 = Release|Any CPU
	EndGlobalSection
	GlobalSection(SolutionProperties) = preSolution
		HideSolutionNode = FALSE
	EndGlobalSection
	GlobalSection(ExtensibilityGlobals) = postSolution
		SolutionGuid = {9F206202-4761-4A94-98D5-055AC3F30730}
	EndGlobalSection
EndGlobal